
Microsoft Visual Studio Solution File, Format Version 12.00
# Visual Studio Version 16
VisualStudioVersion = 16.0.31205.134
MinimumVisualStudioVersion = 10.0.40219.1
Project("{FAE04EC0-301F-11D3-BF4B-00C04F79EFBC}") = "RotateObject", "RotateObject.csproj", "{6531F3FE-EBA2-4A66-8EAD-B75D2644E954}"
EndProject
Global
	GlobalSection(SolutionConfigurationPlatforms) = preSolution
		Debug|Any CPU = Debug|Any CPU
		Release|Any CPU = Release|Any CPU
	EndGlobalSection
	GlobalSection(ProjectConfigurationPlatforms) = postSolution
		{6531F3FE-EBA2-4A66-8EAD-B75D2644E954}.Debug|Any CPU.ActiveCfg = Debug|Any CPU
		{6531F3FE-EBA2-4A66-8EAD-B75D2644E954}.Debug|Any CPU.Build.0 = Debug|Any CPU
		{6531F3FE-EBA2-4A66-8EAD-B75D2644E954}.Release|Any CPU.ActiveCfg = Release|Any CPU
		{6531F3FE-EBA2-4A66-8EAD-B75D2644E954}.Release|Any CPU.Build.0 = Release|Any CPU
	EndGlobalSection
	GlobalSection(SolutionProperties) = preSolution
		HideSolutionNode = FALSE
	EndGlobalSection
	GlobalSection(ExtensibilityGlobals) = postSolution
		SolutionGuid = {3FA01EDF-106C-4C5A-A087-7F9AE6BBE22D}
	EndGlobalSection
EndGlobal
